{
  "requires": true,
  "lockfileVersion": 1,
  "dependencies": {
    "@pixi/accessibility": {
      "version": "5.1.2",
      "resolved": "https://registry.npmjs.org/@pixi/accessibility/-/accessibility-5.1.2.tgz",
      "integrity": "sha512-JzkigTn33NjJH/ezREoxCvRr4AdVJcjiV6aHtN+AoUIBlgFgU4gKQQplcSSEOz/sU44ZZsTxWbYss/N7m6A7HQ==",
      "dev": true,
      "requires": {
        "@pixi/core": "^5.1.2",
        "@pixi/display": "^5.1.2",
        "@pixi/utils": "^5.1.2"
      }
    },
    "@pixi/app": {
      "version": "5.1.2",
      "resolved": "https://registry.npmjs.org/@pixi/app/-/app-5.1.2.tgz",
      "integrity": "sha512-03j43HiRCAIoCMSK8rQ0MTURVlxVmdjvUBuUvb7AuiHRPrZUDvhNCp4Zagw0q+qlyk2TbQmJelx5qu7+Fj7EsA==",
      "dev": true,
      "requires": {
        "@pixi/core": "^5.1.2",
        "@pixi/display": "^5.1.2"
      }
    },
    "@pixi/constants": {
      "version": "5.1.0",
      "resolved": "https://registry.npmjs.org/@pixi/constants/-/constants-5.1.0.tgz",
      "integrity": "sha512-86cogDvjF9yNvmxeizwkIhA0Kl2z3gUSWMf2daYx903dzyje7fwkzRrKLnqDUn6vSAxRXiska0DMJhwYsIC29w==",
      "dev": true
    },
    "@pixi/core": {
      "version": "5.1.2",
      "resolved": "https://registry.npmjs.org/@pixi/core/-/core-5.1.2.tgz",
      "integrity": "sha512-/cwS68gqnMlwDrdtNjo5ugvTIERXdFBOjgsG0bXLniTgOm0urc6sKnk1Qxn6h3gBR0yua1LouqJTjTHeOwUJbg==",
      "dev": true,
      "requires": {
        "@pixi/constants": "^5.1.0",
        "@pixi/display": "^5.1.2",
        "@pixi/math": "^5.1.0",
        "@pixi/runner": "^5.1.1",
        "@pixi/settings": "^5.1.1",
        "@pixi/ticker": "^5.1.1",
        "@pixi/utils": "^5.1.2"
      }
    },
    "@pixi/display": {
      "version": "5.1.2",
      "resolved": "https://registry.npmjs.org/@pixi/display/-/display-5.1.2.tgz",
      "integrity": "sha512-nySE+hn2t8PXDP3m9JFOqCsAxQk4dH+MKYlHDfQ2Zv98lmr+JbeY0UMhF+E5qggNvFOln7Ijwva60ce9nu0tiQ==",
      "dev": true,
      "requires": {
        "@pixi/math": "^5.1.0",
        "@pixi/settings": "^5.1.1",
        "@pixi/utils": "^5.1.2"
      }
    },
    "@pixi/extract": {
      "version": "5.1.2",
      "resolved": "https://registry.npmjs.org/@pixi/extract/-/extract-5.1.2.tgz",
      "integrity": "sha512-mBMvCXcBH37oPXj/v6FlSny44r1pXuv3VrxjqX+UamNKsDcaZm3Ma+5ft8csWbDqQSYscAr0XQbifBPZrohnqg==",
      "dev": true,
      "requires": {
        "@pixi/core": "^5.1.2",
        "@pixi/math": "^5.1.0",
        "@pixi/utils": "^5.1.2"
      }
    },
    "@pixi/filter-alpha": {
      "version": "5.1.2",
      "resolved": "https://registry.npmjs.org/@pixi/filter-alpha/-/filter-alpha-5.1.2.tgz",
      "integrity": "sha512-xRD3Ou1fVBJ0SBDarOgk73mayMvjVMaHVEX5uQw8bKVITzv71t1NI0+KTgmxibu/Zh7VorkbXv+S7jgBUBohHw==",
      "dev": true,
      "requires": {
        "@pixi/core": "^5.1.2"
      }
    },
    "@pixi/filter-blur": {
      "version": "5.1.2",
      "resolved": "https://registry.npmjs.org/@pixi/filter-blur/-/filter-blur-5.1.2.tgz",
      "integrity": "sha512-woRxRFnkgxNnJnU/gEdg0DH1i9ED3gfHNNcy68PwykRFhzFu9ryU+CCSfo962evqioordwl/uPYX28leZxEdRQ==",
      "dev": true,
      "requires": {
        "@pixi/core": "^5.1.2",
        "@pixi/settings": "^5.1.1"
      }
    },
    "@pixi/filter-color-matrix": {
      "version": "5.1.2",
      "resolved": "https://registry.npmjs.org/@pixi/filter-color-matrix/-/filter-color-matrix-5.1.2.tgz",
      "integrity": "sha512-LCnTBYrZgC4mvizmZJ3QmOuZ+C/Elq903c18dky7NwFJs6B2OuG5WxjWHnd5kFY+U5QnCr5k1+r3CaA6jFgE2Q==",
      "dev": true,
      "requires": {
        "@pixi/core": "^5.1.2"
      }
    },
    "@pixi/filter-displacement": {
      "version": "5.1.2",
      "resolved": "https://registry.npmjs.org/@pixi/filter-displacement/-/filter-displacement-5.1.2.tgz",
      "integrity": "sha512-HTEZQuUvyqf9fwMVE3vZDB5czE/ga6D5bF/nxnURJk4rZz3KS4sG9sjMcIySitijk3F5kqbCTv/TErhUMLiSIA==",
      "dev": true,
      "requires": {
        "@pixi/core": "^5.1.2",
        "@pixi/math": "^5.1.0"
      }
    },
    "@pixi/filter-fxaa": {
      "version": "5.1.2",
      "resolved": "https://registry.npmjs.org/@pixi/filter-fxaa/-/filter-fxaa-5.1.2.tgz",
      "integrity": "sha512-UcJ0p8AqFmfv1vOpsfu6idxzwqC4Eg/ppiv+brTcKT6u/wnqfb1MicRyVAwjpGNXOA8dH4lzVAamWHFKgVFpDg==",
      "dev": true,
      "requires": {
        "@pixi/core": "^5.1.2"
      }
    },
    "@pixi/filter-noise": {
      "version": "5.1.2",
      "resolved": "https://registry.npmjs.org/@pixi/filter-noise/-/filter-noise-5.1.2.tgz",
      "integrity": "sha512-Jb4hVoCtnB754YBnfp96RGQIpzWGRKn+0wQfVEixPFRdcpZPHPa1UOSfQ4SGm9uj/n33esl0CUd6UAwbp9aFow==",
      "dev": true,
      "requires": {
        "@pixi/core": "^5.1.2"
      }
    },
    "@pixi/graphics": {
      "version": "5.1.2",
      "resolved": "https://registry.npmjs.org/@pixi/graphics/-/graphics-5.1.2.tgz",
      "integrity": "sha512-R0D2k7AN5Ld8d49Lr4lJpgWQQ624Eksa9MkEJoZemrfwlFVfm26mRyL8lm5kI01zjlsi12wcyGaiUMiQEvS+sg==",
      "dev": true,
      "requires": {
        "@pixi/constants": "^5.1.0",
        "@pixi/core": "^5.1.2",
        "@pixi/display": "^5.1.2",
        "@pixi/math": "^5.1.0",
        "@pixi/sprite": "^5.1.2",
        "@pixi/utils": "^5.1.2"
      }
    },
    "@pixi/interaction": {
      "version": "5.1.2",
      "resolved": "https://registry.npmjs.org/@pixi/interaction/-/interaction-5.1.2.tgz",
      "integrity": "sha512-84lPSc+6zMmgcJIDIr0B1M1+UIKwxHmS4XE2i/+TkjMPNvQW3hl+mYuAs4KRB76J17TCRO57BHq4cZ4VKzEpSw==",
      "dev": true,
      "requires": {
        "@pixi/core": "^5.1.2",
        "@pixi/display": "^5.1.2",
        "@pixi/math": "^5.1.0",
        "@pixi/ticker": "^5.1.1",
        "@pixi/utils": "^5.1.2"
      }
    },
    "@pixi/loaders": {
      "version": "5.1.2",
      "resolved": "https://registry.npmjs.org/@pixi/loaders/-/loaders-5.1.2.tgz",
      "integrity": "sha512-3eljtxqe6x+0UY3Tjs787+QEdjl6HRF5UcyyrFV8OD+IjsC3akvEYgZnyG3d6WjONT9ToQvcOf+91xf/+8NA3g==",
      "dev": true,
      "requires": {
        "@pixi/core": "^5.1.2",
        "@pixi/utils": "^5.1.2",
        "resource-loader": "^3.0.1"
      }
    },
    "@pixi/math": {
      "version": "5.1.0",
      "resolved": "https://registry.npmjs.org/@pixi/math/-/math-5.1.0.tgz",
      "integrity": "sha512-Vf9W4SgYRRQMdSq8tFViKKKGCU3iklf0RDzd+wzp4gezOxe3m0PLB7XKwvVrP1hRjUh49zIAL9JBpYREPS1EMw==",
      "dev": true
    },
    "@pixi/mesh": {
      "version": "5.1.2",
      "resolved": "https://registry.npmjs.org/@pixi/mesh/-/mesh-5.1.2.tgz",
      "integrity": "sha512-dD9aFA7Eh186hPRUK8n+/zcr3O5CDAy7d1EGWJ4au0dGp8ZbdRS1OhZ0IGWvynSl45C348kk4biP8Tbda5w/bA==",
      "dev": true,
      "requires": {
        "@pixi/constants": "^5.1.0",
        "@pixi/core": "^5.1.2",
        "@pixi/display": "^5.1.2",
        "@pixi/math": "^5.1.0",
        "@pixi/settings": "^5.1.1",
        "@pixi/utils": "^5.1.2"
      }
    },
    "@pixi/mesh-extras": {
      "version": "5.1.2",
      "resolved": "https://registry.npmjs.org/@pixi/mesh-extras/-/mesh-extras-5.1.2.tgz",
      "integrity": "sha512-mG4LVDsFDYF2o2b03Nm8bixVtMjexbI9UVkbrI0k+yNlH/lHCsjjgXe9kjI9I9Yo6a0CvmfTLpUWP2jHD3sdow==",
      "dev": true,
      "requires": {
        "@pixi/constants": "^5.1.0",
        "@pixi/core": "^5.1.2",
        "@pixi/math": "^5.1.0",
        "@pixi/mesh": "^5.1.2",
        "@pixi/utils": "^5.1.2"
      }
    },
    "@pixi/mixin-cache-as-bitmap": {
      "version": "5.1.2",
      "resolved": "https://registry.npmjs.org/@pixi/mixin-cache-as-bitmap/-/mixin-cache-as-bitmap-5.1.2.tgz",
      "integrity": "sha512-Bnz5GyG58BtUHkKwTzNKejcMlF7dtK2Th0mtNuwQMLuhILfZuAND6SAS3XX6xEW8sm3NKRTR8zywZUv5SA8ecA==",
      "dev": true,
      "requires": {
        "@pixi/core": "^5.1.2",
        "@pixi/display": "^5.1.2",
        "@pixi/math": "^5.1.0",
        "@pixi/settings": "^5.1.1",
        "@pixi/sprite": "^5.1.2",
        "@pixi/utils": "^5.1.2"
      }
    },
    "@pixi/mixin-get-child-by-name": {
      "version": "5.1.2",
      "resolved": "https://registry.npmjs.org/@pixi/mixin-get-child-by-name/-/mixin-get-child-by-name-5.1.2.tgz",
      "integrity": "sha512-MKOgGGfR0e/VxmotpglmEfKU5f2BTbm5wMIK/EqGDkZL2i3/JXCQV4oaHWsIcUeOW6866G3ZWUpVf1oNGSmF9g==",
      "dev": true,
      "requires": {
        "@pixi/display": "^5.1.2"
      }
    },
    "@pixi/mixin-get-global-position": {
      "version": "5.1.2",
      "resolved": "https://registry.npmjs.org/@pixi/mixin-get-global-position/-/mixin-get-global-position-5.1.2.tgz",
      "integrity": "sha512-w6hcFxgeD1oSbU/qWiy56r5+gcpxjrkIxMvW9ZnLs9yO/tqlY0z39CMdTr6TYa5e8qe3qral4sZasq7n0GbpYw==",
      "dev": true,
      "requires": {
        "@pixi/display": "^5.1.2",
        "@pixi/math": "^5.1.0"
      }
    },
    "@pixi/particles": {
      "version": "5.1.2",
      "resolved": "https://registry.npmjs.org/@pixi/particles/-/particles-5.1.2.tgz",
      "integrity": "sha512-76pn2E9lHBlIhrb1onw3lOQMfSdwQk5P/TqzOd+w+bmNIvLO8nYiCDQEz867kTAa438PkqVfUD99FGtBj1e52g==",
      "dev": true,
      "requires": {
        "@pixi/constants": "^5.1.0",
        "@pixi/core": "^5.1.2",
        "@pixi/display": "^5.1.2",
        "@pixi/math": "^5.1.0",
        "@pixi/utils": "^5.1.2"
      }
    },
    "@pixi/polyfill": {
      "version": "5.1.0",
      "resolved": "https://registry.npmjs.org/@pixi/polyfill/-/polyfill-5.1.0.tgz",
      "integrity": "sha512-8M3nYCO0a599fsdLW7wv9SBYriMqS1QckKAkRuN2JualRuK/GjxZjm5Vcbcwc1gGONRUKZroH12CuPyTcU2HnQ==",
      "dev": true,
      "requires": {
        "es6-promise-polyfill": "^1.2.0",
        "object-assign": "^4.1.1"
      }
    },
    "@pixi/prepare": {
      "version": "5.1.2",
      "resolved": "https://registry.npmjs.org/@pixi/prepare/-/prepare-5.1.2.tgz",
      "integrity": "sha512-gflMburNeRyGwpDSRT8UQpxrdsaE2tu2AlThsbmVNJh4bguOEwKPdsXYlIhUdclfqga9VH4EOGXP7VqjA727Tg==",
      "dev": true,
      "requires": {
        "@pixi/core": "^5.1.2",
        "@pixi/display": "^5.1.2",
        "@pixi/graphics": "^5.1.2",
        "@pixi/settings": "^5.1.1",
        "@pixi/text": "^5.1.2",
        "@pixi/ticker": "^5.1.1"
      }
    },
    "@pixi/runner": {
      "version": "5.1.1",
      "resolved": "https://registry.npmjs.org/@pixi/runner/-/runner-5.1.1.tgz",
      "integrity": "sha512-cOkWsRZlEgOB4IuiUW0PvU0JDMNpNTtyLeECg4DwIDYW4uQ0033zaZFSsN0EOeX0TFkpBmaJsgEIwpmw32VU0w==",
      "dev": true
    },
    "@pixi/settings": {
      "version": "5.1.1",
      "resolved": "https://registry.npmjs.org/@pixi/settings/-/settings-5.1.1.tgz",
      "integrity": "sha512-PyK/kofKwaCXFfi0mNi4FNwH/jQjBnfRi3kyoR3K7rTiWK4gyn/tuCbAGWxzYyutUos6JrYd4gPDcHHYboJO6g==",
      "dev": true,
      "requires": {
        "ismobilejs": "^0.5.1"
      }
    },
    "@pixi/sprite": {
      "version": "5.1.2",
      "resolved": "https://registry.npmjs.org/@pixi/sprite/-/sprite-5.1.2.tgz",
      "integrity": "sha512-uhKFTlx/Z+vIZNt5KFd4s9dRdtdWJIe8nksPnQ0+oBj/XHyCVbcqQfsxqj9hT2LmmXw7U+B9tRQ9+k3R3zj5sg==",
      "dev": true,
      "requires": {
        "@pixi/constants": "^5.1.0",
        "@pixi/core": "^5.1.2",
        "@pixi/display": "^5.1.2",
        "@pixi/math": "^5.1.0",
        "@pixi/settings": "^5.1.1",
        "@pixi/utils": "^5.1.2"
      }
    },
    "@pixi/sprite-animated": {
      "version": "5.1.2",
      "resolved": "https://registry.npmjs.org/@pixi/sprite-animated/-/sprite-animated-5.1.2.tgz",
      "integrity": "sha512-qDarQJlG4ysV8qApjhq3KTBW6HNOVfts/Z3bOtH1gM54sJnYHVuvnl36LgsHFfKls6EWwwbUpYvniFr/79TowQ==",
      "dev": true,
      "requires": {
        "@pixi/core": "^5.1.2",
        "@pixi/sprite": "^5.1.2",
        "@pixi/ticker": "^5.1.1"
      }
    },
    "@pixi/sprite-tiling": {
      "version": "5.1.2",
      "resolved": "https://registry.npmjs.org/@pixi/sprite-tiling/-/sprite-tiling-5.1.2.tgz",
      "integrity": "sha512-JFbTb3f1sowhVqXGtv0SRKcjBiVxP2lXvuC9uOvz+SyHn3SuK+DxreUzmFSUXtxpfeVakcolmfbE0xAO8smvfQ==",
      "dev": true,
      "requires": {
        "@pixi/constants": "^5.1.0",
        "@pixi/core": "^5.1.2",
        "@pixi/display": "^5.1.2",
        "@pixi/math": "^5.1.0",
        "@pixi/sprite": "^5.1.2",
        "@pixi/utils": "^5.1.2"
      }
    },
    "@pixi/spritesheet": {
      "version": "5.1.2",
      "resolved": "https://registry.npmjs.org/@pixi/spritesheet/-/spritesheet-5.1.2.tgz",
      "integrity": "sha512-D8e/CFykWCE9jdBq1lufEHwMPwIrDo+DQwTPDuciaH5q6aydnJf4lH84yn279EckITXGUHxtaQsErlnJpDfHfg==",
      "dev": true,
      "requires": {
        "@pixi/core": "^5.1.2",
        "@pixi/loaders": "^5.1.2",
        "@pixi/math": "^5.1.0",
        "@pixi/utils": "^5.1.2"
      }
    },
    "@pixi/text": {
      "version": "5.1.2",
      "resolved": "https://registry.npmjs.org/@pixi/text/-/text-5.1.2.tgz",
      "integrity": "sha512-Tchyls22xi6b/hgKSBKWBuXDG8sML/3mpxWhlMaDXSVxwjMqHQkmRO6VsA8I6HJRzS9bU6zn2Wjvjd/bLs907w==",
      "dev": true,
      "requires": {
        "@pixi/core": "^5.1.2",
        "@pixi/math": "^5.1.0",
        "@pixi/settings": "^5.1.1",
        "@pixi/sprite": "^5.1.2",
        "@pixi/utils": "^5.1.2"
      }
    },
    "@pixi/text-bitmap": {
      "version": "5.1.2",
      "resolved": "https://registry.npmjs.org/@pixi/text-bitmap/-/text-bitmap-5.1.2.tgz",
      "integrity": "sha512-OcN5ry7sg9BJekduuPlv/mLqpmARWd73EEpLW+5OUTWJfboEy1vG50Z//pYmRNnnxWvUTTdI30AioNTx+N09PA==",
      "dev": true,
      "requires": {
        "@pixi/core": "^5.1.2",
        "@pixi/display": "^5.1.2",
        "@pixi/loaders": "^5.1.2",
        "@pixi/math": "^5.1.0",
        "@pixi/settings": "^5.1.1",
        "@pixi/sprite": "^5.1.2",
        "@pixi/utils": "^5.1.2"
      }
    },
    "@pixi/ticker": {
      "version": "5.1.1",
      "resolved": "https://registry.npmjs.org/@pixi/ticker/-/ticker-5.1.1.tgz",
      "integrity": "sha512-eUitqmwTZAialK7yXLwva/L+VHVix2mi2vvsOj5LxUo2wS32ftnjv4Etd+Gh2QCatX6P3fFowW7v2+jxjqIkPA==",
      "dev": true,
      "requires": {
        "@pixi/settings": "^5.1.1"
      }
    },
    "@pixi/utils": {
      "version": "5.1.2",
      "resolved": "https://registry.npmjs.org/@pixi/utils/-/utils-5.1.2.tgz",
      "integrity": "sha512-se2RXYBDEAqTV5XBJ2E/SA1wiTexmM8RsRF/NvX96c+DsLNxosbXLQcg+n850nEqKv0iN7OarMLtlbEW1yMBOQ==",
      "dev": true,
      "requires": {
        "@pixi/constants": "^5.1.0",
        "@pixi/settings": "^5.1.1",
        "earcut": "^2.1.5",
        "eventemitter3": "^3.1.0",
        "url": "^0.11.0"
      }
    },
    "earcut": {
      "version": "2.1.5",
      "resolved": "https://registry.npmjs.org/earcut/-/earcut-2.1.5.tgz",
      "integrity": "sha512-QFWC7ywTVLtvRAJTVp8ugsuuGQ5mVqNmJ1cRYeLrSHgP3nycr2RHTJob9OtM0v8ujuoKN0NY1a93J/omeTL1PA==",
      "dev": true
    },
    "es6-promise-polyfill": {
      "version": "1.2.0",
      "resolved": "https://registry.npmjs.org/es6-promise-polyfill/-/es6-promise-polyfill-1.2.0.tgz",
      "integrity": "sha1-84kl8jyz4+jObNqP93T867sJDN4=",
      "dev": true
    },
    "eventemitter3": {
      "version": "3.1.2",
      "resolved": "https://registry.npmjs.org/eventemitter3/-/eventemitter3-3.1.2.tgz",
      "integrity": "sha512-tvtQIeLVHjDkJYnzf2dgVMxfuSGJeM/7UCG17TT4EumTfNtF+0nebF/4zWOIkCreAbtNqhGEboB6BWrwqNaw4Q==",
      "dev": true
    },
    "ismobilejs": {
      "version": "0.5.2",
      "resolved": "https://registry.npmjs.org/ismobilejs/-/ismobilejs-0.5.2.tgz",
      "integrity": "sha512-ta9UdV60xVZk/ZafFtSFslQaE76SvNkcs1r73d2PVR21zVzx9xuYv9tNe4MxA1NN7WoeCc2RjGot3Bz1eHDx3Q==",
      "dev": true
    },
    "mini-signals": {
      "version": "1.2.0",
      "resolved": "https://registry.npmjs.org/mini-signals/-/mini-signals-1.2.0.tgz",
      "integrity": "sha1-RbCAE8X65RokqhqTXNMXye1yHXQ=",
      "dev": true
    },
    "object-assign": {
      "version": "4.1.1",
      "resolved": "https://registry.npmjs.org/object-assign/-/object-assign-4.1.1.tgz",
      "integrity": "sha1-IQmtx5ZYh8/AXLvUQsrIv7s2CGM=",
      "dev": true
    },
    "parse-uri": {
      "version": "1.0.0",
      "resolved": "https://registry.npmjs.org/parse-uri/-/parse-uri-1.0.0.tgz",
      "integrity": "sha1-KHLcwi8aeXrN4Vg9igrClVLdrCA=",
      "dev": true
    },
    "pixi.js": {
      "version": "5.1.2",
      "resolved": "https://registry.npmjs.org/pixi.js/-/pixi.js-5.1.2.tgz",
      "integrity": "sha512-9AeQsvSEeHpUAIi1XS4JMbL4UyX2K6H5l6dfUWBm4THliXBFZGVDPiI6p7VdhAlzhCZwgqu2ceTXZSPCLJaEhg==",
      "dev": true,
      "requires": {
        "@pixi/accessibility": "^5.1.2",
        "@pixi/app": "^5.1.2",
        "@pixi/constants": "^5.1.0",
        "@pixi/core": "^5.1.2",
        "@pixi/display": "^5.1.2",
        "@pixi/extract": "^5.1.2",
        "@pixi/filter-alpha": "^5.1.2",
        "@pixi/filter-blur": "^5.1.2",
        "@pixi/filter-color-matrix": "^5.1.2",
        "@pixi/filter-displacement": "^5.1.2",
        "@pixi/filter-fxaa": "^5.1.2",
        "@pixi/filter-noise": "^5.1.2",
        "@pixi/graphics": "^5.1.2",
        "@pixi/interaction": "^5.1.2",
        "@pixi/loaders": "^5.1.2",
        "@pixi/math": "^5.1.0",
        "@pixi/mesh": "^5.1.2",
        "@pixi/mesh-extras": "^5.1.2",
        "@pixi/mixin-cache-as-bitmap": "^5.1.2",
        "@pixi/mixin-get-child-by-name": "^5.1.2",
        "@pixi/mixin-get-global-position": "^5.1.2",
        "@pixi/particles": "^5.1.2",
        "@pixi/polyfill": "^5.1.0",
        "@pixi/prepare": "^5.1.2",
        "@pixi/runner": "^5.1.1",
        "@pixi/settings": "^5.1.1",
        "@pixi/sprite": "^5.1.2",
        "@pixi/sprite-animated": "^5.1.2",
        "@pixi/sprite-tiling": "^5.1.2",
        "@pixi/spritesheet": "^5.1.2",
        "@pixi/text": "^5.1.2",
        "@pixi/text-bitmap": "^5.1.2",
        "@pixi/ticker": "^5.1.1",
        "@pixi/utils": "^5.1.2"
      }
    },
    "punycode": {
      "version": "1.3.2",
      "resolved": "https://registry.npmjs.org/punycode/-/punycode-1.3.2.tgz",
      "integrity": "sha1-llOgNvt8HuQjQvIyXM7v6jkmxI0=",
      "dev": true
    },
    "querystring": {
      "version": "0.2.0",
      "resolved": "https://registry.npmjs.org/querystring/-/querystring-0.2.0.tgz",
      "integrity": "sha1-sgmEkgO7Jd+CDadW50cAWHhSFiA=",
      "dev": true
    },
    "resource-loader": {
      "version": "3.0.1",
      "resolved": "https://registry.npmjs.org/resource-loader/-/resource-loader-3.0.1.tgz",
      "integrity": "sha512-fBuCRbEHdLCI1eglzQhUv9Rrdcmqkydr1r6uHE2cYHvRBrcLXeSmbE/qI/urFt8rPr/IGxir3BUwM5kUK8XoyA==",
      "dev": true,
      "requires": {
        "mini-signals": "^1.2.0",
        "parse-uri": "^1.0.0"
      }
    },
    "url": {
      "version": "0.11.0",
      "resolved": "https://registry.npmjs.org/url/-/url-0.11.0.tgz",
      "integrity": "sha1-ODjpfPxgUh63PFJajlW/3Z4uKPE=",
      "dev": true,
      "requires": {
        "punycode": "1.3.2",
        "querystring": "0.2.0"
      }
    }
  }
}
